
Microsoft Visual Studio Solution File, Format Version 12.00
# Visual Studio Version 17
VisualStudioVersion = 17.5.33502.453
MinimumVisualStudioVersion = 10.0.40219.1
Project("{8BC9CEB8-8B4A-11D0-8D11-00A0C91BC942}") = "iofiile", "iofiile\iofiile.vcxproj", "{AAF30677-2151-4E13-9CF0-DD6DD745788F}"
EndProject
Project("{8BC9CEB8-8B4A-11D0-8D11-00A0C91BC942}") = "ioFilieWithPath", "ioFilieWithPath\ioFilieWithPath.vcxproj", "{53875BFE-209D-48E2-B681-AE872C410168}"
EndProject
Project("{8BC9CEB8-8B4A-11D0-8D11-00A0C91BC942}") = "manualException", "manualException\manualException.vcxproj", "{BECA6D78-6222-4B11-99F7-0241C3D80400}"
EndProject
Project("{8BC9CEB8-8B4A-11D0-8D11-00A0C91BC942}") = "exceptionStandard", "exceptionStandard\exceptionStandard.vcxproj", "{97F6E64A-B8A6-4760-AC27-F39C775239F4}"
EndProject
Global
	GlobalSection(SolutionConfigurationPlatforms) = preSolution
		Debug|x64 = Debug|x64
		Debug|x86 = Debug|x86
		Release|x64 = Release|x64
		Release|x86 = Release|x86
	EndGlobalSection
	GlobalSection(ProjectConfigurationPlatforms) = postSolution
		{AAF30677-2151-4E13-9CF0-DD6DD745788F}.Debug|x64.ActiveCfg = Debug|x64
		{AAF30677-2151-4E13-9CF0-DD6DD745788F}.Debug|x64.Build.0 = Debug|x64
		{AAF30677-2151-4E13-9CF0-DD6DD745788F}.Debug|x86.ActiveCfg = Debug|Win32
		{AAF30677-2151-4E13-9CF0-DD6DD745788F}.Debug|x86.Build.0 = Debug|Win32
		{AAF30677-2151-4E13-9CF0-DD6DD745788F}.Release|x64.ActiveCfg = Release|x64
		{AAF30677-2151-4E13-9CF0-DD6DD745788F}.Release|x64.Build.0 = Release|x64
		{AAF30677-2151-4E13-9CF0-DD6DD745788F}.Release|x86.ActiveCfg = Release|Win32
		{AAF30677-2151-4E13-9CF0-DD6DD745788F}.Release|x86.Build.0 = Release|Win32
		{53875BFE-209D-48E2-B681-AE872C410168}.Debug|x64.ActiveCfg = Debug|x64
		{53875BFE-209D-48E2-B681-AE872C410168}.Debug|x64.Build.0 = Debug|x64
		{53875BFE-209D-48E2-B681-AE872C410168}.Debug|x86.ActiveCfg = Debug|Win32
		{53875BFE-209D-48E2-B681-AE872C410168}.Debug|x86.Build.0 = Debug|Win32
		{53875BFE-209D-48E2-B681-AE872C410168}.Release|x64.ActiveCfg = Release|x64
		{53875BFE-209D-48E2-B681-AE872C410168}.Release|x64.Build.0 = Release|x64
		{53875BFE-209D-48E2-B681-AE872C410168}.Release|x86.ActiveCfg = Release|Win32
		{53875BFE-209D-48E2-B681-AE872C410168}.Release|x86.Build.0 = Release|Win32
		{BECA6D78-6222-4B11-99F7-0241C3D80400}.Debug|x64.ActiveCfg = Debug|x64
		{BECA6D78-6222-4B11-99F7-0241C3D80400}.Debug|x64.Build.0 = Debug|x64
		{BECA6D78-6222-4B11-99F7-0241C3D80400}.Debug|x86.ActiveCfg = Debug|Win32
		{BECA6D78-6222-4B11-99F7-0241C3D80400}.Debug|x86.Build.0 = Debug|Win32
		{BECA6D78-6222-4B11-99F7-0241C3D80400}.Release|x64.ActiveCfg = Release|x64
		{BECA6D78-6222-4B11-99F7-0241C3D80400}.Release|x64.Build.0 = Release|x64
		{BECA6D78-6222-4B11-99F7-0241C3D80400}.Release|x86.ActiveCfg = Release|Win32
		{BECA6D78-6222-4B11-99F7-0241C3D80400}.Release|x86.Build.0 = Release|Win32
		{97F6E64A-B8A6-4760-AC27-F39C775239F4}.Debug|x64.ActiveCfg = Debug|x64
		{97F6E64A-B8A6-4760-AC27-F39C775239F4}.Debug|x64.Build.0 = Debug|x64
		{97F6E64A-B8A6-4760-AC27-F39C775239F4}.Debug|x86.ActiveCfg = Debug|Win32
		{97F6E64A-B8A6-4760-AC27-F39C775239F4}.Debug|x86.Build.0 = Debug|Win32
		{97F6E64A-B8A6-4760-AC27-F39C775239F4}.Release|x64.ActiveCfg = Release|x64
		{97F6E64A-B8A6-4760-AC27-F39C775239F4}.Release|x64.Build.0 = Release|x64
		{97F6E64A-B8A6-4760-AC27-F39C775239F4}.Release|x86.ActiveCfg = Release|Win32
		{97F6E64A-B8A6-4760-AC27-F39C775239F4}.Release|x86.Build.0 = Release|Win32
	EndGlobalSection
	GlobalSection(SolutionProperties) = preSolution
		HideSolutionNode = FALSE
	EndGlobalSection
	GlobalSection(ExtensibilityGlobals) = postSolution
		SolutionGuid = {B7D57D7B-54C3-4CBA-8FB3-BDA32FFAB65C}
	EndGlobalSection
EndGlobal
